
Microsoft Visual Studio Solution File, Format Version 12.00
# Visual Studio Version 17
VisualStudioVersion = 17.13.35931.197 d17.13
MinimumVisualStudioVersion = 10.0.40219.1
Project("{FAE04EC0-301F-11D3-BF4B-00C04F79EFBC}") = "Variaveis", "Variaveis\Variaveis.csproj", "{41635245-C5BE-40CA-8C9B-ADC06C8A96A6}"
EndProject
Global
	GlobalSection(SolutionConfigurationPlatforms) = preSolution
		Debug|Any CPU = Debug|Any CPU
		Release|Any CPU = Release|Any CPU
	EndGlobalSection
	GlobalSection(ProjectConfigurationPlatforms) = postSolution
		{41635245-C5BE-40CA-8C9B-ADC06C8A96A6}.Debug|Any CPU.ActiveCfg = Debug|Any CPU
		{41635245-C5BE-40CA-8C9B-ADC06C8A96A6}.Debug|Any CPU.Build.0 = Debug|Any CPU
		{41635245-C5BE-40CA-8C9B-ADC06C8A96A6}.Release|Any CPU.ActiveCfg = Release|Any CPU
		{41635245-C5BE-40CA-8C9B-ADC06C8A96A6}.Release|Any CPU.Build.0 = Release|Any CPU
	EndGlobalSection
	GlobalSection(SolutionProperties) = preSolution
		HideSolutionNode = FALSE
	EndGlobalSection
	GlobalSection(ExtensibilityGlobals) = postSolution
		SolutionGuid = {2D015876-4652-42D5-8F77-9795CD7FAA16}
	EndGlobalSection
EndGlobal
