
Microsoft Visual Studio Solution File, Format Version 12.00
# Visual Studio Version 17
VisualStudioVersion = 17.13.35931.197 d17.13
MinimumVisualStudioVersion = 10.0.40219.1
Project("{FAE04EC0-301F-11D3-BF4B-00C04F79EFBC}") = "RecebendoInputs", "RecebendoInputs\RecebendoInputs.csproj", "{821C9D51-C5C9-4F44-B88C-D2FB82292BBD}"
EndProject
Global
	GlobalSection(SolutionConfigurationPlatforms) = preSolution
		Debug|Any CPU = Debug|Any CPU
		Release|Any CPU = Release|Any CPU
	EndGlobalSection
	GlobalSection(ProjectConfigurationPlatforms) = postSolution
		{821C9D51-C5C9-4F44-B88C-D2FB82292BBD}.Debug|Any CPU.ActiveCfg = Debug|Any CPU
		{821C9D51-C5C9-4F44-B88C-D2FB82292BBD}.Debug|Any CPU.Build.0 = Debug|Any CPU
		{821C9D51-C5C9-4F44-B88C-D2FB82292BBD}.Release|Any CPU.ActiveCfg = Release|Any CPU
		{821C9D51-C5C9-4F44-B88C-D2FB82292BBD}.Release|Any CPU.Build.0 = Release|Any CPU
	EndGlobalSection
	GlobalSection(SolutionProperties) = preSolution
		HideSolutionNode = FALSE
	EndGlobalSection
	GlobalSection(ExtensibilityGlobals) = postSolution
		SolutionGuid = {7E2E7837-E84C-4B8A-9DBA-2124914B1C4E}
	EndGlobalSection
EndGlobal
