
Microsoft Visual Studio Solution File, Format Version 12.00
# Visual Studio Version 17
VisualStudioVersion = 17.13.35931.197 d17.13
MinimumVisualStudioVersion = 10.0.40219.1
Project("{FAE04EC0-301F-11D3-BF4B-00C04F79EFBC}") = "NumeroPrimoWhile", "NumeroPrimoWhile\NumeroPrimoWhile.csproj", "{3928D6A4-F8A4-4244-83D6-36C00DDE704C}"
EndProject
Project("{FAE04EC0-301F-11D3-BF4B-00C04F79EFBC}") = "NumeroPrimoFor", "NumeroPrimoFor\NumeroPrimoFor.csproj", "{9EF44844-B675-4978-8E3E-83FFF8C69462}"
EndProject
Global
	GlobalSection(SolutionConfigurationPlatforms) = preSolution
		Debug|Any CPU = Debug|Any CPU
		Release|Any CPU = Release|Any CPU
	EndGlobalSection
	GlobalSection(ProjectConfigurationPlatforms) = postSolution
		{3928D6A4-F8A4-4244-83D6-36C00DDE704C}.Debug|Any CPU.ActiveCfg = Debug|Any CPU
		{3928D6A4-F8A4-4244-83D6-36C00DDE704C}.Debug|Any CPU.Build.0 = Debug|Any CPU
		{3928D6A4-F8A4-4244-83D6-36C00DDE704C}.Release|Any CPU.ActiveCfg = Release|Any CPU
		{3928D6A4-F8A4-4244-83D6-36C00DDE704C}.Release|Any CPU.Build.0 = Release|Any CPU
		{9EF44844-B675-4978-8E3E-83FFF8C69462}.Debug|Any CPU.ActiveCfg = Debug|Any CPU
		{9EF44844-B675-4978-8E3E-83FFF8C69462}.Debug|Any CPU.Build.0 = Debug|Any CPU
		{9EF44844-B675-4978-8E3E-83FFF8C69462}.Release|Any CPU.ActiveCfg = Release|Any CPU
		{9EF44844-B675-4978-8E3E-83FFF8C69462}.Release|Any CPU.Build.0 = Release|Any CPU
	EndGlobalSection
	GlobalSection(SolutionProperties) = preSolution
		HideSolutionNode = FALSE
	EndGlobalSection
	GlobalSection(ExtensibilityGlobals) = postSolution
		SolutionGuid = {87CA05DE-BC46-421B-A18F-E101B22D6B4A}
	EndGlobalSection
EndGlobal
